
Microsoft Visual Studio Solution File, Format Version 12.00
# Visual Studio Version 16
VisualStudioVersion = 16.0.30104.148
MinimumVisualStudioVersion = 10.0.40219.1
Project("{FAE04EC0-301F-11D3-BF4B-00C04F79EFBC}") = "Math Operations", "Math Operations\Math Operations.csproj", "{6D96BD07-3F14-41E5-B49F-F5EB61348EB9}"
EndProject
Project("{FAE04EC0-301F-11D3-BF4B-00C04F79EFBC}") = "Animals", "Animals\Animals.csproj", "{E3DE1FD7-DCFF-4FC1-950F-4CF4A349349C}"
EndProject
Project("{FAE04EC0-301F-11D3-BF4B-00C04F79EFBC}") = "Shapes", "Shapes\Shapes.csproj", "{CC4432F6-9C2F-4822-A340-4F0241FC5155}"
EndProject
Global
	GlobalSection(SolutionConfigurationPlatforms) = preSolution
		Debug|Any CPU = Debug|Any CPU
		Release|Any CPU = Release|Any CPU
	EndGlobalSection
	GlobalSection(ProjectConfigurationPlatforms) = postSolution
		{6D96BD07-3F14-41E5-B49F-F5EB61348EB9}.Debug|Any CPU.ActiveCfg = Debug|Any CPU
		{6D96BD07-3F14-41E5-B49F-F5EB61348EB9}.Debug|Any CPU.Build.0 = Debug|Any CPU
		{6D96BD07-3F14-41E5-B49F-F5EB61348EB9}.Release|Any CPU.ActiveCfg = Release|Any CPU
		{6D96BD07-3F14-41E5-B49F-F5EB61348EB9}.Release|Any CPU.Build.0 = Release|Any CPU
		{E3DE1FD7-DCFF-4FC1-950F-4CF4A349349C}.Debug|Any CPU.ActiveCfg = Debug|Any CPU
		{E3DE1FD7-DCFF-4FC1-950F-4CF4A349349C}.Debug|Any CPU.Build.0 = Debug|Any CPU
		{E3DE1FD7-DCFF-4FC1-950F-4CF4A349349C}.Release|Any CPU.ActiveCfg = Release|Any CPU
		{E3DE1FD7-DCFF-4FC1-950F-4CF4A349349C}.Release|Any CPU.Build.0 = Release|Any CPU
		{CC4432F6-9C2F-4822-A340-4F0241FC5155}.Debug|Any CPU.ActiveCfg = Debug|Any CPU
		{CC4432F6-9C2F-4822-A340-4F0241FC5155}.Debug|Any CPU.Build.0 = Debug|Any CPU
		{CC4432F6-9C2F-4822-A340-4F0241FC5155}.Release|Any CPU.ActiveCfg = Release|Any CPU
		{CC4432F6-9C2F-4822-A340-4F0241FC5155}.Release|Any CPU.Build.0 = Release|Any CPU
	EndGlobalSection
	GlobalSection(SolutionProperties) = preSolution
		HideSolutionNode = FALSE
	EndGlobalSection
	GlobalSection(ExtensibilityGlobals) = postSolution
		SolutionGuid = {4CF6D9DB-D8BD-415B-BE50-0D96550024E5}
	EndGlobalSection
EndGlobal
